{
  "version": 4,
  "terraform_version": "1.15.6",
  "serial": 18,
  "lineage": "3fdd4c3d-0d1d-f485-a81e-906f217c8d94",
  "outputs": {
    "argocd_release_status": {
      "value": "deployed",
      "type": "string"
    }
  },
  "resources": [
    {
      "mode": "managed",
      "type": "kubernetes_namespace_v1",
      "name": "k8s",
      "provider": "provider[\"registry.terraform.io/hashicorp/kubernetes\"]",
      "instances": [
        {
          "schema_version": 0,
          "attributes": {
            "id": "k8s",
            "metadata": [
              {
                "annotations": {
                  "name": "k8s"
                },
                "generate_name": "",
                "generation": 0,
                "labels": {
                  "mylabel": "k8s"
                },
                "name": "k8s",
                "resource_version": "38179",
                "uid": "039e985f-2fa4-44e5-9971-2abbca41dce6"
              }
            ],
            "timeouts": null,
            "wait_for_default_service_account": false
          },
          "sensitive_attributes": [],
          "identity_schema_version": 1,
          "identity": {
            "api_version": "v1",
            "kind": "Namespace",
            "name": "k8s"
          },
          "private": "eyJlMmJmYjczMC1lY2FhLTExZTYtOGY4OC0zNDM2M2JjN2M0YzAiOnsiZGVsZXRlIjozMDAwMDAwMDAwMDB9fQ=="
        }
      ]
    },
    {
      "mode": "managed",
      "type": "kubernetes_secret_v1",
      "name": "secret",
      "provider": "provider[\"registry.terraform.io/hashicorp/kubernetes\"]",
      "instances": [
        {
          "schema_version": 0,
          "attributes": {
            "binary_data": null,
            "binary_data_wo": null,
            "binary_data_wo_revision": null,
            "data": {
              "password": "1234",
              "username": "imesh"
            },
            "data_wo": null,
            "data_wo_revision": null,
            "id": "default/basic-auth",
            "immutable": false,
            "metadata": [
              {
                "annotations": {},
                "generate_name": "",
                "generation": 0,
                "labels": {},
                "name": "basic-auth",
                "namespace": "default",
                "resource_version": "38044",
                "uid": "2523ef34-2185-43db-836f-98215072bd51"
              }
            ],
            "timeouts": null,
            "type": "kubernetes.io/basic-auth",
            "wait_for_service_account_token": true
          },
          "sensitive_attributes": [
            [
              {
                "type": "get_attr",
                "value": "binary_data"
              }
            ],
            [
              {
                "type": "get_attr",
                "value": "data"
              }
            ],
            [
              {
                "type": "get_attr",
                "value": "data"
              },
              {
                "type": "index",
                "value": {
                  "value": "password",
                  "type": "string"
                }
              }
            ]
          ],
          "identity_schema_version": 1,
          "identity": {
            "api_version": "v1",
            "kind": "Secret",
            "name": "basic-auth",
            "namespace": "default"
          },
          "private": "eyJlMmJmYjczMC1lY2FhLTExZTYtOGY4OC0zNDM2M2JjN2M0YzAiOnsiY3JlYXRlIjo2MDAwMDAwMDAwMH19"
        }
      ]
    }
  ],
  "check_results": null
}
